
Microsoft Visual Studio Solution File, Format Version 12.00
# Visual Studio Version 16
VisualStudioVersion = 16.0.31702.278
MinimumVisualStudioVersion = 10.0.40219.1
Project("{FAE04EC0-301F-11D3-BF4B-00C04F79EFBC}") = "DemoWebApp", "DemoWebApp\DemoWebApp.csproj", "{405C44D7-4EAA-49CA-9F99-FCB74FCBACF0}"
EndProject
Global
	GlobalSection(SolutionConfigurationPlatforms) = preSolution
		Debug|Any CPU = Debug|Any CPU
		Release|Any CPU = Release|Any CPU
	EndGlobalSection
	GlobalSection(ProjectConfigurationPlatforms) = postSolution
		{405C44D7-4EAA-49CA-9F99-FCB74FCBACF0}.Debug|Any CPU.ActiveCfg = Debug|Any CPU
		{405C44D7-4EAA-49CA-9F99-FCB74FCBACF0}.Debug|Any CPU.Build.0 = Debug|Any CPU
		{405C44D7-4EAA-49CA-9F99-FCB74FCBACF0}.Release|Any CPU.ActiveCfg = Release|Any CPU
		{405C44D7-4EAA-49CA-9F99-FCB74FCBACF0}.Release|Any CPU.Build.0 = Release|Any CPU
	EndGlobalSection
	GlobalSection(SolutionProperties) = preSolution
		HideSolutionNode = FALSE
	EndGlobalSection
	GlobalSection(ExtensibilityGlobals) = postSolution
		SolutionGuid = {5AFFA73A-83A6-413B-B068-FA9C92236F22}
	EndGlobalSection
EndGlobal
